// !$*UTF8*$!
{
	archiveVersion = 1;
	classes = {
	};
	objectVersion = 50;
	objects = {

/* Begin PBXBuildFile section */
		D0106176251E7FEC00A14B25 /* AppDelegate.swift in Sources */ = {isa = PBXBuildFile; fileRef = D0106175251E7FEC00A14B25 /* AppDelegate.swift */; };
		D0106178251E7FEC00A14B25 /* SceneDelegate.swift in Sources */ = {isa = PBXBuildFile; fileRef = D0106177251E7FEC00A14B25 /* SceneDelegate.swift */; };
		D010617A251E7FEC00A14B25 /* ContentView.swift in Sources */ = {isa = PBXBuildFile; fileRef = D0106179251E7FEC00A14B25 /* ContentView.swift */; };
		D010617C251E7FF100A14B25 /* Assets.xcassets in Resources */ = {isa = PBXBuildFile; fileRef = D010617B251E7FF100A14B25 /* Assets.xcassets */; };
		D010617F251E7FF100A14B25 /* Preview Assets.xcassets in Resources */ = {isa = PBXBuildFile; fileRef = D010617E251E7FF100A14B25 /* Preview Assets.xcassets */; };
		D0106182251E7FF100A14B25 /* LaunchScreen.storyboard in Resources */ = {isa = PBXBuildFile; fileRef = D0106180251E7FF100A14B25 /* LaunchScreen.storyboard */; };
/* End PBXBuildFile section */

/* Begin PBXFileReference section */
		D0106172251E7FEC00A14B25 /* dummy.app */ = {isa = PBXFileReference; explicitFileType = wrapper.application; includeInIndex = 0; path = dummy.app; sourceTree = BUILT_PRODUCTS_DIR; };
		D0106175251E7FEC00A14B25 /* AppDelegate.swift */ = {isa = PBXFileReference; lastKnownFileType = sourcecode.swift; path = AppDelegate.swift; sourceTree = "<group>"; };
		D0106177251E7FEC00A14B25 /* SceneDelegate.swift */ = {isa = PBXFileReference; lastKnownFileType = sourcecode.swift; path = SceneDelegate.swift; sourceTree = "<group>"; };
		D0106179251E7FEC00A14B25 /* ContentView.swift */ = {isa = PBXFileReference; lastKnownFileType = sourcecode.swift; path = ContentView.swift; sourceTree = "<group>"; };
		D010617B251E7FF100A14B25 /* Assets.xcassets */ = {isa = PBXFileReference; lastKnownFileType = folder.assetcatalog; path = Assets.xcassets; sourceTree = "<group>"; };
		D010617E251E7FF100A14B25 /* Preview Assets.xcassets */ = {isa = PBXFileReference; lastKnownFileType = folder.assetcatalog; path = "Preview Assets.xcassets"; sourceTree = "<group>"; };
		D0106181251E7FF100A14B25 /* Base */ = {isa = PBXFileReference; lastKnownFileType = file.storyboard; name = Base; path = Base.lproj/LaunchScreen.storyboard; sourceTree = "<group>"; };
		D0106183251E7FF100A14B25 /* Info.plist */ = {isa = PBXFileReference; lastKnownFileType = text.plist.xml; path = Info.plist; sourceTree = "<group>"; };
/* End PBXFileReference section */

/* Begin PBXFrameworksBuildPhase section */
		D010616F251E7FEB00A14B25 /* Frameworks */ = {
			isa = PBXFrameworksBuildPhase;
			buildActionMask = 2147483647;
			files = (
			);
			runOnlyForDeploymentPostprocessing = 0;
		};
/* End PBXFrameworksBuildPhase section */

/* Begin PBXGroup section */
		D0106169251E7FEB00A14B25 = {
			isa = PBXGroup;
			children = (
				D0106174251E7FEC00A14B25 /* dummy */,
				D0106173251E7FEC00A14B25 /* Products */,
			);
			sourceTree = "<group>";
		};
		D0106173251E7FEC00A14B25 /* Products */ = {
			isa = PBXGroup;
			children = (
				D0106172251E7FEC00A14B25 /* dummy.app */,
			);
			name = Products;
			sourceTree = "<group>";
		};
		D0106174251E7FEC00A14B25 /* dummy */ = {
			isa = PBXGroup;
			children = (
				D0106175251E7FEC00A14B25 /* AppDelegate.swift */,
				D0106177251E7FEC00A14B25 /* SceneDelegate.swift */,
				D0106179251E7FEC00A14B25 /* ContentView.swift */,
				D010617B251E7FF100A14B25 /* Assets.xcassets */,
				D0106180251E7FF100A14B25 /* LaunchScreen.storyboard */,
				D0106183251E7FF100A14B25 /* Info.plist */,
				D010617D251E7FF100A14B25 /* Preview Content */,
			);
			path = dummy;
			sourceTree = "<group>";
		};
		D010617D251E7FF100A14B25 /* Preview Content */ = {
			isa = PBXGroup;
			children = (
				D010617E251E7FF100A14B25 /* Preview Assets.xcassets */,
			);
			path = "Preview Content";
			sourceTree = "<group>";
		};
/* End PBXGroup section */

/* Begin PBXNativeTarget section */
		D0106171251E7FEB00A14B25 /* dummy */ = {
			isa = PBXNativeTarget;
			buildConfigurationList = D0106186251E7FF100A14B25 /* Build configuration list for PBXNativeTarget "dummy" */;
			buildPhases = (
				D010616E251E7FEB00A14B25 /* Sources */,
				D010616F251E7FEB00A14B25 /* Frameworks */,
				D0106170251E7FEB00A14B25 /* Resources */,
			);
			buildRules = (
			);
			dependencies = (
			);
			name = dummy;
			productName = dummy;
			productReference = D0106172251E7FEC00A14B25 /* dummy.app */;
			productType = "com.apple.product-type.application";
		};
/* End PBXNativeTarget section */

/* Begin PBXProject section */
		D010616A251E7FEB00A14B25 /* Project object */ = {
			isa = PBXProject;
			attributes = {
				LastSwiftUpdateCheck = 1150;
				LastUpgradeCheck = 1150;
				ORGANIZATIONNAME = macbook;
				TargetAttributes = {
					D0106171251E7FEB00A14B25 = {
						CreatedOnToolsVersion = 11.5;
					};
				};
			};
			buildConfigurationList = D010616D251E7FEB00A14B25 /* Build configuration list for PBXProject "dummy" */;
			compatibilityVersion = "Xcode 9.3";
			developmentRegion = en;
			hasScannedForEncodings = 0;
			knownRegions = (
				en,
				Base,
			);
			mainGroup = D0106169251E7FEB00A14B25;
			productRefGroup = D0106173251E7FEC00A14B25 /* Products */;
			projectDirPath = "";
			projectRoot = "";
			targets = (
				D0106171251E7FEB00A14B25 /* dummy */,
			);
		};
/* End PBXProject section */

/* Begin PBXResourcesBuildPhase section */
		D0106170251E7FEB00A14B25 /* Resources */ = {
			isa = PBXResourcesBuildPhase;
			buildActionMask = 2147483647;
			files = (
				D0106182251E7FF100A14B25 /* LaunchScreen.storyboard in Resources */,
				D010617F251E7FF100A14B25 /* Preview Assets.xcassets in Resources */,
				D010617C251E7FF100A14B25 /* Assets.xcassets in Resources */,
			);
			runOnlyForDeploymentPostprocessing = 0;
		};
/* End PBXResourcesBuildPhase section */

/* Begin PBXSourcesBuildPhase section */
		D010616E251E7FEB00A14B25 /* Sources */ = {
			isa = PBXSourcesBuildPhase;
			buildActionMask = 2147483647;
			files = (
				D0106176251E7FEC00A14B25 /* AppDelegate.swift in Sources */,
				D0106178251E7FEC00A14B25 /* SceneDelegate.swift in Sources */,
				D010617A251E7FEC00A14B25 /* ContentView.swift in Sources */,
			);
			runOnlyForDeploymentPostprocessing = 0;
		};
/* End PBXSourcesBuildPhase section */

/* Begin PBXVariantGroup section */
		D0106180251E7FF100A14B25 /* LaunchScreen.storyboard */ = {
			isa = PBXVariantGroup;
			children = (
				D0106181251E7FF100A14B25 /* Base */,
			);
			name = LaunchScreen.storyboard;
			sourceTree = "<group>";
		};
/* End PBXVariantGroup section */

/* Begin XCBuildConfiguration section */
		D0106184251E7FF100A14B25 /* Debug */ = {
			isa = XCBuildConfiguration;
			buildSettings = {
				ALWAYS_SEARCH_USER_PATHS = NO;
				CLANG_ANALYZER_NONNULL = YES;
				CLANG_ANALYZER_NUMBER_OBJECT_CONVERSION = YES_AGGRESSIVE;
				CLANG_CXX_LANGUAGE_STANDARD = "gnu++14";
				CLANG_CXX_LIBRARY = "libc++";
				CLANG_ENABLE_MODULES = YES;
				CLANG_ENABLE_OBJC_ARC = YES;
				CLANG_ENABLE_OBJC_WEAK = YES;
				CLANG_WARN_BLOCK_CAPTURE_AUTORELEASING = YES;
				CLANG_WARN_BOOL_CONVERSION = YES;
				CLANG_WARN_COMMA = YES;
				CLANG_WARN_CONSTANT_CONVERSION = YES;
				CLANG_WARN_DEPRECATED_OBJC_IMPLEMENTATIONS = YES;
				CLANG_WARN_DIRECT_OBJC_ISA_USAGE = YES_ERROR;
				CLANG_WARN_DOCUMENTATION_COMMENTS = YES;
				CLANG_WARN_EMPTY_BODY = YES;
				CLANG_WARN_ENUM_CONVERSION = YES;
				CLANG_WARN_INFINITE_RECURSION = YES;
				CLANG_WARN_INT_CONVERSION = YES;
				CLANG_WARN_NON_LITERAL_NULL_CONVERSION = YES;
				CLANG_WARN_OBJC_IMPLICIT_RETAIN_SELF = YES;
				CLANG_WARN_OBJC_LITERAL_CONVERSION = YES;
				CLANG_WARN_OBJC_ROOT_CLASS = YES_ERROR;
				CLANG_WARN_RANGE_LOOP_ANALYSIS = YES;
				CLANG_WARN_STRICT_PROTOTYPES = YES;
				CLANG_WARN_SUSPICIOUS_MOVE = YES;
				CLANG_WARN_UNGUARDED_AVAILABILITY = YES_AGGRESSIVE;
				CLANG_WARN_UNREACHABLE_CODE = YES;
				CLANG_WARN__DUPLICATE_METHOD_MATCH = YES;
				COPY_PHASE_STRIP = NO;
				DEBUG_INFORMATION_FORMAT = dwarf;
				ENABLE_STRICT_OBJC_MSGSEND = YES;
				ENABLE_TESTABILITY = YES;
				GCC_C_LANGUAGE_STANDARD = gnu11;
				GCC_DYNAMIC_NO_PIC = NO;
				GCC_NO_COMMON_BLOCKS = YES;
				GCC_OPTIMIZATION_LEVEL = 0;
				GCC_PREPROCESSOR_DEFINITIONS = (
					"DEBUG=1",
					"$(inherited)",
				);
				GCC_WARN_64_TO_32_BIT_CONVERSION = YES;
				GCC_WARN_ABOUT_RETURN_TYPE = YES_ERROR;
				GCC_WARN_UNDECLARED_SELECTOR = YES;
				GCC_WARN_UNINITIALIZED_AUTOS = YES_AGGRESSIVE;
				GCC_WARN_UNUSED_FUNCTION = YES;
				GCC_WARN_UNUSED_VARIABLE = YES;
				IPHONEOS_DEPLOYMENT_TARGET = 13.5;
				MTL_ENABLE_DEBUG_INFO = INCLUDE_SOURCE;
				MTL_FAST_MATH = YES;
				ONLY_ACTIVE_ARCH = YES;
				SDKROOT = iphoneos;
				SWIFT_ACTIVE_COMPILATION_CONDITIONS = DEBUG;
				SWIFT_OPTIMIZATION_LEVEL = "-Onone";
			};
			name = Debug;
		};
		D0106185251E7FF100A14B25 /* Release */ = {
			isa = XCBuildConfiguration;
			buildSettings = {
				ALWAYS_SEARCH_USER_PATHS = NO;
				CLANG_ANALYZER_NONNULL = YES;
				CLANG_ANALYZER_NUMBER_OBJECT_CONVERSION = YES_AGGRESSIVE;
				CLANG_CXX_LANGUAGE_STANDARD = "gnu++14";
				CLANG_CXX_LIBRARY = "libc++";
				CLANG_ENABLE_MODULES = YES;
				CLANG_ENABLE_OBJC_ARC = YES;
				CLANG_ENABLE_OBJC_WEAK = YES;
				CLANG_WARN_BLOCK_CAPTURE_AUTORELEASING = YES;
				CLANG_WARN_BOOL_CONVERSION = YES;
				CLANG_WARN_COMMA = YES;
				CLANG_WARN_CONSTANT_CONVERSION = YES;
				CLANG_WARN_DEPRECATED_OBJC_IMPLEMENTATIONS = YES;
				CLANG_WARN_DIRECT_OBJC_ISA_USAGE = YES_ERROR;
				CLANG_WARN_DOCUMENTATION_COMMENTS = YES;
				CLANG_WARN_EMPTY_BODY = YES;
				CLANG_WARN_ENUM_CONVERSION = YES;
				CLANG_WARN_INFINITE_RECURSION = YES;
				CLANG_WARN_INT_CONVERSION = YES;
				CLANG_WARN_NON_LITERAL_NULL_CONVERSION = YES;
				CLANG_WARN_OBJC_IMPLICIT_RETAIN_SELF = YES;
				CLANG_WARN_OBJC_LITERAL_CONVERSION = YES;
				CLANG_WARN_OBJC_ROOT_CLASS = YES_ERROR;
				CLANG_WARN_RANGE_LOOP_ANALYSIS = YES;
				CLANG_WARN_STRICT_PROTOTYPES = YES;
				CLANG_WARN_SUSPICIOUS_MOVE = YES;
				CLANG_WARN_UNGUARDED_AVAILABILITY = YES_AGGRESSIVE;
				CLANG_WARN_UNREACHABLE_CODE = YES;
				CLANG_WARN__DUPLICATE_METHOD_MATCH = YES;
				COPY_PHASE_STRIP = NO;
				DEBUG_INFORMATION_FORMAT = "dwarf-with-dsym";
				ENABLE_NS_ASSERTIONS = NO;
				ENABLE_STRICT_OBJC_MSGSEND = YES;
				GCC_C_LANGUAGE_STANDARD = gnu11;
				GCC_NO_COMMON_BLOCKS = YES;
				GCC_WARN_64_TO_32_BIT_CONVERSION = YES;
				GCC_WARN_ABOUT_RETURN_TYPE = YES_ERROR;
				GCC_WARN_UNDECLARED_SELECTOR = YES;
				GCC_WARN_UNINITIALIZED_AUTOS = YES_AGGRESSIVE;
				GCC_WARN_UNUSED_FUNCTION = YES;
				GCC_WARN_UNUSED_VARIABLE = YES;
				IPHONEOS_DEPLOYMENT_TARGET = 13.5;
				MTL_ENABLE_DEBUG_INFO = NO;
				MTL_FAST_MATH = YES;
				SDKROOT = iphoneos;
				SWIFT_COMPILATION_MODE = wholemodule;
				SWIFT_OPTIMIZATION_LEVEL = "-O";
				VALIDATE_PRODUCT = YES;
			};
			name = Release;
		};
		D0106187251E7FF100A14B25 /* Debug */ = {
			isa = XCBuildConfiguration;
			buildSettings = {
				ASSETCATALOG_COMPILER_APPICON_NAME = AppIcon;
				CODE_SIGN_STYLE = Automatic;
				DEVELOPMENT_ASSET_PATHS = "\"dummy/Preview Content\"";
				DEVELOPMENT_TEAM = Z5GK9C4MBD;
				ENABLE_PREVIEWS = YES;
				INFOPLIST_FILE = dummy/Info.plist;
				LD_RUNPATH_SEARCH_PATHS = (
					"$(inherited)",
					"@executable_path/Frameworks",
				);
				PRODUCT_BUNDLE_IDENTIFIER = something.dummy;
				PRODUCT_NAME = "$(TARGET_NAME)";
				SWIFT_VERSION = 5.0;
				TARGETED_DEVICE_FAMILY = "1,2";
			};
			name = Debug;
		};
		D0106188251E7FF100A14B25 /* Release */ = {
			isa = XCBuildConfiguration;
			buildSettings = {
				ASSETCATALOG_COMPILER_APPICON_NAME = AppIcon;
				CODE_SIGN_STYLE = Automatic;
				DEVELOPMENT_ASSET_PATHS = "\"dummy/Preview Content\"";
				DEVELOPMENT_TEAM = Z5GK9C4MBD;
				ENABLE_PREVIEWS = YES;
				INFOPLIST_FILE = dummy/Info.plist;
				LD_RUNPATH_SEARCH_PATHS = (
					"$(inherited)",
					"@executable_path/Frameworks",
				);
				PRODUCT_BUNDLE_IDENTIFIER = something.dummy;
				PRODUCT_NAME = "$(TARGET_NAME)";
				SWIFT_VERSION = 5.0;
				TARGETED_DEVICE_FAMILY = "1,2";
			};
			name = Release;
		};
/* End XCBuildConfiguration section */

/* Begin XCConfigurationList section */
		D010616D251E7FEB00A14B25 /* Build configuration list for PBXProject "dummy" */ = {
			isa = XCConfigurationList;
			buildConfigurations = (
				D0106184251E7FF100A14B25 /* Debug */,
				D0106185251E7FF100A14B25 /* Release */,
			);
			defaultConfigurationIsVisible = 0;
			defaultConfigurationName = Release;
		};
		D0106186251E7FF100A14B25 /* Build configuration list for PBXNativeTarget "dummy" */ = {
			isa = XCConfigurationList;
			buildConfigurations = (
				D0106187251E7FF100A14B25 /* Debug */,
				D0106188251E7FF100A14B25 /* Release */,
			);
			defaultConfigurationIsVisible = 0;
			defaultConfigurationName = Release;
		};
/* End XCConfigurationList section */
	};
	rootObject = D010616A251E7FEB00A14B25 /* Project object */;
}
